
Microsoft Visual Studio Solution File, Format Version 12.00
# Visual Studio Version 17
VisualStudioVersion = 17.0.31903.59
MinimumVisualStudioVersion = 10.0.40219.1
Project("{9A19103F-16F7-4668-BE54-9A1E7A4F7556}") = "Entities", "Entities\Entities.csproj", "{307ED0F8-6830-4E9E-A67F-F7C446D16BF0}"
EndProject
Project("{9A19103F-16F7-4668-BE54-9A1E7A4F7556}") = "DataAccess", "DataAccess\DataAccess.csproj", "{DBCFDDDD-D081-4A5E-8F8E-A3A3812D2B2E}"
EndProject
Project("{9A19103F-16F7-4668-BE54-9A1E7A4F7556}") = "Business", "Business\Business.csproj", "{AFEEAB60-29E7-4CA3-B0FA-C3826CF73283}"
EndProject
Project("{9A19103F-16F7-4668-BE54-9A1E7A4F7556}") = "ConsoleUI", "ConsoleUI\ConsoleUI.csproj", "{F1F42C27-40AF-4C27-9EA0-468C72737B2D}"
EndProject
Project("{FAE04EC0-301F-11D3-BF4B-00C04F79EFBC}") = "WebApi", "WebApi\WebApi.csproj", "{0FD296F2-1296-42EA-BAB0-53AFDC172F93}"
EndProject
Global
	GlobalSection(SolutionConfigurationPlatforms) = preSolution
		Debug|Any CPU = Debug|Any CPU
		Release|Any CPU = Release|Any CPU
	EndGlobalSection
	GlobalSection(ProjectConfigurationPlatforms) = postSolution
		{307ED0F8-6830-4E9E-A67F-F7C446D16BF0}.Debug|Any CPU.ActiveCfg = Debug|Any CPU
		{307ED0F8-6830-4E9E-A67F-F7C446D16BF0}.Debug|Any CPU.Build.0 = Debug|Any CPU
		{307ED0F8-6830-4E9E-A67F-F7C446D16BF0}.Release|Any CPU.ActiveCfg = Release|Any CPU
		{307ED0F8-6830-4E9E-A67F-F7C446D16BF0}.Release|Any CPU.Build.0 = Release|Any CPU
		{DBCFDDDD-D081-4A5E-8F8E-A3A3812D2B2E}.Debug|Any CPU.ActiveCfg = Debug|Any CPU
		{DBCFDDDD-D081-4A5E-8F8E-A3A3812D2B2E}.Debug|Any CPU.Build.0 = Debug|Any CPU
		{DBCFDDDD-D081-4A5E-8F8E-A3A3812D2B2E}.Release|Any CPU.ActiveCfg = Release|Any CPU
		{DBCFDDDD-D081-4A5E-8F8E-A3A3812D2B2E}.Release|Any CPU.Build.0 = Release|Any CPU
		{AFEEAB60-29E7-4CA3-B0FA-C3826CF73283}.Debug|Any CPU.ActiveCfg = Debug|Any CPU
		{AFEEAB60-29E7-4CA3-B0FA-C3826CF73283}.Debug|Any CPU.Build.0 = Debug|Any CPU
		{AFEEAB60-29E7-4CA3-B0FA-C3826CF73283}.Release|Any CPU.ActiveCfg = Release|Any CPU
		{AFEEAB60-29E7-4CA3-B0FA-C3826CF73283}.Release|Any CPU.Build.0 = Release|Any CPU
		{F1F42C27-40AF-4C27-9EA0-468C72737B2D}.Debug|Any CPU.ActiveCfg = Debug|Any CPU
		{F1F42C27-40AF-4C27-9EA0-468C72737B2D}.Debug|Any CPU.Build.0 = Debug|Any CPU
		{F1F42C27-40AF-4C27-9EA0-468C72737B2D}.Release|Any CPU.ActiveCfg = Release|Any CPU
		{F1F42C27-40AF-4C27-9EA0-468C72737B2D}.Release|Any CPU.Build.0 = Release|Any CPU
		{0FD296F2-1296-42EA-BAB0-53AFDC172F93}.Debug|Any CPU.ActiveCfg = Debug|Any CPU
		{0FD296F2-1296-42EA-BAB0-53AFDC172F93}.Debug|Any CPU.Build.0 = Debug|Any CPU
		{0FD296F2-1296-42EA-BAB0-53AFDC172F93}.Release|Any CPU.ActiveCfg = Release|Any CPU
		{0FD296F2-1296-42EA-BAB0-53AFDC172F93}.Release|Any CPU.Build.0 = Release|Any CPU
	EndGlobalSection
	GlobalSection(SolutionProperties) = preSolution
		HideSolutionNode = FALSE
	EndGlobalSection
	GlobalSection(ExtensibilityGlobals) = postSolution
		SolutionGuid = {770E536B-EED4-41D2-AFDE-4C0CF01FEA0B}
	EndGlobalSection
EndGlobal
